
Microsoft Visual Studio Solution File, Format Version 12.00
# Visual Studio Version 17
VisualStudioVersion = 17.0.32014.148
MinimumVisualStudioVersion = 10.0.40219.1
Project("{FAE04EC0-301F-11D3-BF4B-00C04F79EFBC}") = "console örnek4", "console örnek4.csproj", "{550B4ACA-87C2-4CA2-A7B3-E252B0043872}"
EndProject
Global
	GlobalSection(SolutionConfigurationPlatforms) = preSolution
		Debug|Any CPU = Debug|Any CPU
		Release|Any CPU = Release|Any CPU
	EndGlobalSection
	GlobalSection(ProjectConfigurationPlatforms) = postSolution
		{550B4ACA-87C2-4CA2-A7B3-E252B0043872}.Debug|Any CPU.ActiveCfg = Debug|Any CPU
		{550B4ACA-87C2-4CA2-A7B3-E252B0043872}.Debug|Any CPU.Build.0 = Debug|Any CPU
		{550B4ACA-87C2-4CA2-A7B3-E252B0043872}.Release|Any CPU.ActiveCfg = Release|Any CPU
		{550B4ACA-87C2-4CA2-A7B3-E252B0043872}.Release|Any CPU.Build.0 = Release|Any CPU
	EndGlobalSection
	GlobalSection(SolutionProperties) = preSolution
		HideSolutionNode = FALSE
	EndGlobalSection
	GlobalSection(ExtensibilityGlobals) = postSolution
		SolutionGuid = {EC427384-E421-4009-BD77-D02C01F64640}
	EndGlobalSection
EndGlobal
